{
  "name": "try-haxe",
  "version": "1.0.0",
  "lockfileVersion": 2,
  "requires": true,
  "packages": {
    "": {
      "name": "try-haxe",
      "version": "1.0.0",
      "hasInstallScript": true,
      "license": "MIT",
      "dependencies": {
        "bootstrap": "^3.4.1",
        "codemirror": "^5.59.1",
        "pixi.js": "^5.3.7",
        "stats.js": "^0.17.0",
        "three": "^0.125.0"
      },
      "devDependencies": {
        "lix": "^15.12.0"
      }
    },
    "node_modules/@pixi/accessibility": {
      "version": "5.3.7",
      "resolved": "https://registry.npmjs.org/@pixi/accessibility/-/accessibility-5.3.7.tgz",
      "integrity": "sha512-104qzGZWnA/cQUH48jTiCXKGqOCfOqZAHmVg1z0p5l5tnzVX5zUQDBJxt4AAIPguZZe1YkniealwO1WGz0yBgA==",
      "dependencies": {
        "@pixi/core": "5.3.7",
        "@pixi/display": "5.3.7",
        "@pixi/utils": "5.3.7"
      }
    },
    "node_modules/@pixi/app": {
      "version": "5.3.7",
      "resolved": "https://registry.npmjs.org/@pixi/app/-/app-5.3.7.tgz",
      "integrity": "sha512-xlXxMGiGGmOA154SyltOQ2ZfPEtErzXl8GOxXJJJBxmIfvCQa+Y6iO5jf4q7yNbpSbrfaeIrYUnNbJAViiACzg==",
      "dependencies": {
        "@pixi/core": "5.3.7",
        "@pixi/display": "5.3.7"
      }
    },
    "node_modules/@pixi/constants": {
      "version": "5.3.7",
      "resolved": "https://registry.npmjs.org/@pixi/constants/-/constants-5.3.7.tgz",
      "integrity": "sha512-MBcgIM/mSqonFezkCI9080IqNlc0wb8S9QJ5otBdseOWUQa/ua2jF7Jd1sCBGmi0IzS9/NOHFXzZVTdS7AC7Ow=="
    },
    "node_modules/@pixi/core": {
      "version": "5.3.7",
      "resolved": "https://registry.npmjs.org/@pixi/core/-/core-5.3.7.tgz",
      "integrity": "sha512-WBhU2f5aJSVVaFP55FFBFKjKlRf5fYGxgA/U3kD4yD4Y3d3d6V3MIZv+o0VX+kBs1Eq7ePZqEv2smDrlzzMEjQ==",
      "dependencies": {
        "@pixi/constants": "5.3.7",
        "@pixi/math": "5.3.7",
        "@pixi/runner": "5.3.7",
        "@pixi/settings": "5.3.7",
        "@pixi/ticker": "5.3.7",
        "@pixi/utils": "5.3.7"
      },
      "funding": {
        "type": "opencollective",
        "url": "https://opencollective.com/pixijs"
      }
    },
    "node_modules/@pixi/display": {
      "version": "5.3.7",
      "resolved": "https://registry.npmjs.org/@pixi/display/-/display-5.3.7.tgz",
      "integrity": "sha512-ma1JyLe5vaEgmaOR+anvj5YOKqT9OEWnboIe7NVmwGF1CZ7JFnB12rsRulHUsSaFG9bP5xjvroAZjFg/WvyGLw==",
      "dependencies": {
        "@pixi/math": "5.3.7",
        "@pixi/settings": "5.3.7",
        "@pixi/utils": "5.3.7"
      }
    },
    "node_modules/@pixi/extract": {
      "version": "5.3.7",
      "resolved": "https://registry.npmjs.org/@pixi/extract/-/extract-5.3.7.tgz",
      "integrity": "sha512-xQ5hYFIdxQTjNWwtwsjIK0DjbGLlUl92rIj5yvNJFiJvRjZ8IfvtIaM5uwjhiY2U9q3fDLFgb8EiNfmdDc78xQ==",
      "dependencies": {
        "@pixi/core": "5.3.7",
        "@pixi/math": "5.3.7",
        "@pixi/utils": "5.3.7"
      }
    },
    "node_modules/@pixi/filter-alpha": {
      "version": "5.3.7",
      "resolved": "https://registry.npmjs.org/@pixi/filter-alpha/-/filter-alpha-5.3.7.tgz",
      "integrity": "sha512-jkvbzmSCIPjCJMFNUocAxsZ7Cq3ssFwXnmXNYKYhJy01LxiyO/JbVDAxAD7Chyn5jbKsI21OV3UQaIJhFpXw7Q==",
      "dependencies": {
        "@pixi/core": "5.3.7"
      }
    },
    "node_modules/@pixi/filter-blur": {
      "version": "5.3.7",
      "resolved": "https://registry.npmjs.org/@pixi/filter-blur/-/filter-blur-5.3.7.tgz",
      "integrity": "sha512-xM+Zz2i2UCmY7oHBPlGaN2ImhCY4l/V8NFc8FNSUIHm8NXHJ4/VCQpXp9BFTjY1+GZExFLkqB8kIYEddGVFiLA==",
      "dependencies": {
        "@pixi/core": "5.3.7",
        "@pixi/settings": "5.3.7"
      }
    },
    "node_modules/@pixi/filter-color-matrix": {
      "version": "5.3.7",
      "resolved": "https://registry.npmjs.org/@pixi/filter-color-matrix/-/filter-color-matrix-5.3.7.tgz",
      "integrity": "sha512-Z12cxoHx9uMh3CZ0PLVRzsaFHHF/CfU3J83KI9k+Bg/DFOh/J/5EToCd44jYJbMKp3nvXcO1EJyZ3wwC/IsyfQ==",
      "dependencies": {
        "@pixi/core": "5.3.7"
      }
    },
    "node_modules/@pixi/filter-displacement": {
      "version": "5.3.7",
      "resolved": "https://registry.npmjs.org/@pixi/filter-displacement/-/filter-displacement-5.3.7.tgz",
      "integrity": "sha512-akMVkAHqliQujveiJ5KBMuwh/JVGN37NQsD8n1XbDDSe6SKjpX0kaq2Bh2Xu9pPj3+Jhofy0sI65q2M8qs2Uog==",
      "dependencies": {
        "@pixi/core": "5.3.7",
        "@pixi/math": "5.3.7"
      }
    },
    "node_modules/@pixi/filter-fxaa": {
      "version": "5.3.7",
      "resolved": "https://registry.npmjs.org/@pixi/filter-fxaa/-/filter-fxaa-5.3.7.tgz",
      "integrity": "sha512-NJpVcbOCUVYUDGqxvh7Jp/+arWEnLKgI/7Qf8VEYv0aQslqE8ZtFSAX7JfP+iGfFWXlkMe6AKspesYhUrIpRKg==",
      "dependencies": {
        "@pixi/core": "5.3.7"
      }
    },
    "node_modules/@pixi/filter-noise": {
      "version": "5.3.7",
      "resolved": "https://registry.npmjs.org/@pixi/filter-noise/-/filter-noise-5.3.7.tgz",
      "integrity": "sha512-P0mVQR2J7GHujVcq0iiuD2/1yvmue7orpppa5iuNHoOMT+vZpO0hdCKTg5vm5ZcWnHrOwtvv8zYngnT9rLdCtw==",
      "dependencies": {
        "@pixi/core": "5.3.7"
      }
    },
    "node_modules/@pixi/graphics": {
      "version": "5.3.7",
      "resolved": "https://registry.npmjs.org/@pixi/graphics/-/graphics-5.3.7.tgz",
      "integrity": "sha512-+6+bT/AC29a1Hw5XDxsH1UqBsXSqcna7wNTTrBQ02owotIJtyRc6w48f5qxzhxycumyVCR87IV5tAtdwX3xhag==",
      "dependencies": {
        "@pixi/constants": "5.3.7",
        "@pixi/core": "5.3.7",
        "@pixi/display": "5.3.7",
        "@pixi/math": "5.3.7",
        "@pixi/sprite": "5.3.7",
        "@pixi/utils": "5.3.7"
      }
    },
    "node_modules/@pixi/interaction": {
      "version": "5.3.7",
      "resolved": "https://registry.npmjs.org/@pixi/interaction/-/interaction-5.3.7.tgz",
      "integrity": "sha512-B+5suog6fo8tJclTIO1Nn0HikyXQ9OWQGmTiYUnDVDriX5dGujh79RpcL51HFQ/2Gs2Gt0rl3AfP9OsCLe7VPA==",
      "dependencies": {
        "@pixi/core": "5.3.7",
        "@pixi/display": "5.3.7",
        "@pixi/math": "5.3.7",
        "@pixi/ticker": "5.3.7",
        "@pixi/utils": "5.3.7"
      }
    },
    "node_modules/@pixi/loaders": {
      "version": "5.3.7",
      "resolved": "https://registry.npmjs.org/@pixi/loaders/-/loaders-5.3.7.tgz",
      "integrity": "sha512-zwWgvhUz7l5Z3me5gT1XbJzmj4bnz176PnawoUdlRxNARnMW3Rsk7Egzu8atWhJUL+MWEv+t8KkyHRXG39q5FA==",
      "dependencies": {
        "@pixi/core": "5.3.7",
        "@pixi/utils": "5.3.7",
        "resource-loader": "^3.0.1"
      }
    },
    "node_modules/@pixi/math": {
      "version": "5.3.7",
      "resolved": "https://registry.npmjs.org/@pixi/math/-/math-5.3.7.tgz",
      "integrity": "sha512-WnjUwX7rkxR36F0xknpsNd9BsfQosV0BbyFE0Il88IURBM3Tu9X4tC7RGJDgWU+aXw23HgHu0j+MWJrCVCM2fA=="
    },
    "node_modules/@pixi/mesh": {
      "version": "5.3.7",
      "resolved": "https://registry.npmjs.org/@pixi/mesh/-/mesh-5.3.7.tgz",
      "integrity": "sha512-7K5Ba3+t0rBAfZeuQi7nem0DgVH9GNhRvZ8HYbhPs5XVI7yZZhUN4HpUMy7gYEnz8EbXqwUz20X4ham/0O9WsQ==",
      "dependencies": {
        "@pixi/constants": "5.3.7",
        "@pixi/core": "5.3.7",
        "@pixi/display": "5.3.7",
        "@pixi/math": "5.3.7",
        "@pixi/settings": "5.3.7",
        "@pixi/utils": "5.3.7"
      }
    },
    "node_modules/@pixi/mesh-extras": {
      "version": "5.3.7",
      "resolved": "https://registry.npmjs.org/@pixi/mesh-extras/-/mesh-extras-5.3.7.tgz",
      "integrity": "sha512-txVo2yk935gLgvlwO/ODUuz0wHUZtc9AK0sOQbbD9rh1TUdZ9OYrRvqshItLC34EimmAfgOsyzT78zeUTaP1OA==",
      "dependencies": {
        "@pixi/constants": "5.3.7",
        "@pixi/core": "5.3.7",
        "@pixi/math": "5.3.7",
        "@pixi/mesh": "5.3.7",
        "@pixi/utils": "5.3.7"
      }
    },
    "node_modules/@pixi/mixin-cache-as-bitmap": {
      "version": "5.3.7",
      "resolved": "https://registry.npmjs.org/@pixi/mixin-cache-as-bitmap/-/mixin-cache-as-bitmap-5.3.7.tgz",
      "integrity": "sha512-UEP1PVEEqgWs8vUx/GvOiQ4r130NDLQoD9i5YA1i5BGml2UmNyrFlIh8N9hVAPiIpTIpECkU6nLakP7t6fm9zA==",
      "dependencies": {
        "@pixi/core": "5.3.7",
        "@pixi/display": "5.3.7",
        "@pixi/math": "5.3.7",
        "@pixi/settings": "5.3.7",
        "@pixi/sprite": "5.3.7",
        "@pixi/utils": "5.3.7"
      }
    },
    "node_modules/@pixi/mixin-get-child-by-name": {
      "version": "5.3.7",
      "resolved": "https://registry.npmjs.org/@pixi/mixin-get-child-by-name/-/mixin-get-child-by-name-5.3.7.tgz",
      "integrity": "sha512-KiWirq5HpLKrAsShdZx0+RwNwY6nO5cM+Wqq59n11xTgvUoNULiptZRePQR5rOIsLIcwNtro/2LWPj1UzbJHbg==",
      "dependencies": {
        "@pixi/display": "5.3.7"
      }
    },
    "node_modules/@pixi/mixin-get-global-position": {
      "version": "5.3.7",
      "resolved": "https://registry.npmjs.org/@pixi/mixin-get-global-position/-/mixin-get-global-position-5.3.7.tgz",
      "integrity": "sha512-OIXi+m611GVH1dVAc5YdiMC55Bbjf0JmesiB+6/gMzrjKxW/YDAA5ZRVri75hmRedHA8LPflf+i0pO10mrGP8g==",
      "dependencies": {
        "@pixi/display": "5.3.7",
        "@pixi/math": "5.3.7"
      }
    },
    "node_modules/@pixi/particles": {
      "version": "5.3.7",
      "resolved": "https://registry.npmjs.org/@pixi/particles/-/particles-5.3.7.tgz",
      "integrity": "sha512-mEnBljvBVbKuUJVZ0oH9dP/k7qsHEHUlvfBQgLOSkd6viHlx3PoSPKOYm35+I6fAylkV0Xm9+j5v/IESuip2RQ==",
      "dependencies": {
        "@pixi/constants": "5.3.7",
        "@pixi/core": "5.3.7",
        "@pixi/display": "5.3.7",
        "@pixi/math": "5.3.7",
        "@pixi/utils": "5.3.7"
      }
    },
    "node_modules/@pixi/polyfill": {
      "version": "5.3.7",
      "resolved": "https://registry.npmjs.org/@pixi/polyfill/-/polyfill-5.3.7.tgz",
      "integrity": "sha512-qU23xdb/e4Qvze0TWVy4fNZ0nlABIEZmuLu5nI9SpgfIYtjd2tZo7ngCXU5mZHxW1/xvkAMJEHCsSszotzF9xQ==",
      "dependencies": {
        "es6-promise-polyfill": "^1.2.0",
        "object-assign": "^4.1.1"
      }
    },
    "node_modules/@pixi/prepare": {
      "version": "5.3.7",
      "resolved": "https://registry.npmjs.org/@pixi/prepare/-/prepare-5.3.7.tgz",
      "integrity": "sha512-saU+o202vA3U2HVMYvh5aB2RJmP4hR//J22QuRfGen/ukM5mApOroJ445Id2+kSvis0M+UeFUKfBGWDzitr19Q==",
      "dependencies": {
        "@pixi/core": "5.3.7",
        "@pixi/display": "5.3.7",
        "@pixi/graphics": "5.3.7",
        "@pixi/settings": "5.3.7",
        "@pixi/text": "5.3.7",
        "@pixi/ticker": "5.3.7"
      }
    },
    "node_modules/@pixi/runner": {
      "version": "5.3.7",
      "resolved": "https://registry.npmjs.org/@pixi/runner/-/runner-5.3.7.tgz",
      "integrity": "sha512-kt5apNb21HAvpBaDaPRs33k2O0VzrKe13w4we8iftCpXX8w68ErAY1lH68vmtDNrxnlHg4M9nRgEoMeiHlo2RA=="
    },
    "node_modules/@pixi/settings": {
      "version": "5.3.7",
      "resolved": "https://registry.npmjs.org/@pixi/settings/-/settings-5.3.7.tgz",
      "integrity": "sha512-g6AoRSGWxU34gtKSQwX2AMQoLUv86L/5iIXRsqo+X4bfUSCenTci1X7ueVrSIbo39dxh6IOpriZF2Yk3TeHG5w==",
      "dependencies": {
        "ismobilejs": "^1.1.0"
      }
    },
    "node_modules/@pixi/sprite": {
      "version": "5.3.7",
      "resolved": "https://registry.npmjs.org/@pixi/sprite/-/sprite-5.3.7.tgz",
      "integrity": "sha512-Bjl+NOOvigEzUsm1cDr1KmBUpPSWO8pDXpUPTi+v2N75gwRfTycmj5f2TU0QmMW3Gc6sv0CB0AkL7dkMPwPb8g==",
      "dependencies": {
        "@pixi/constants": "5.3.7",
        "@pixi/core": "5.3.7",
        "@pixi/display": "5.3.7",
        "@pixi/math": "5.3.7",
        "@pixi/settings": "5.3.7",
        "@pixi/utils": "5.3.7"
      }
    },
    "node_modules/@pixi/sprite-animated": {
      "version": "5.3.7",
      "resolved": "https://registry.npmjs.org/@pixi/sprite-animated/-/sprite-animated-5.3.7.tgz",
      "integrity": "sha512-CSXTSwH/UUcTe5637AD35OCETQO+tDkmlr6e1/eIyUlgOsPkbjo+l134feLZtZudiPHTPyb/YAYIlgPfVr7MGw==",
      "dependencies": {
        "@pixi/core": "5.3.7",
        "@pixi/sprite": "5.3.7",
        "@pixi/ticker": "5.3.7"
      }
    },
    "node_modules/@pixi/sprite-tiling": {
      "version": "5.3.7",
      "resolved": "https://registry.npmjs.org/@pixi/sprite-tiling/-/sprite-tiling-5.3.7.tgz",
      "integrity": "sha512-0BMLQGniJF1HvfyrJVe5jC8ayBpTh19dAHJIQWGp8zxxFh/WHjR1b32BN74rDjxQQSjZjV8vBNio8J3W+yDttw==",
      "dependencies": {
        "@pixi/constants": "5.3.7",
        "@pixi/core": "5.3.7",
        "@pixi/display": "5.3.7",
        "@pixi/math": "5.3.7",
        "@pixi/sprite": "5.3.7",
        "@pixi/utils": "5.3.7"
      }
    },
    "node_modules/@pixi/spritesheet": {
      "version": "5.3.7",
      "resolved": "https://registry.npmjs.org/@pixi/spritesheet/-/spritesheet-5.3.7.tgz",
      "integrity": "sha512-K1Befbrq3LDbFtnLmbk54QQ/YRk2Mgd+2iOkZx5KsS2pTh1va/GM9FbpO9aZgsEu8Eq76QPxyR8nRqygyMRSuQ==",
      "dependencies": {
        "@pixi/core": "5.3.7",
        "@pixi/loaders": "5.3.7",
        "@pixi/math": "5.3.7",
        "@pixi/utils": "5.3.7"
      }
    },
    "node_modules/@pixi/text": {
      "version": "5.3.7",
      "resolved": "https://registry.npmjs.org/@pixi/text/-/text-5.3.7.tgz",
      "integrity": "sha512-WVAc31MDgHTvP0dJNWsvLVJhjeVGZ3NrLpHcH9iIAd6HVO5Z+i+fk4zvodD+Y7jWU0psx8ZD8xe1wy8ECfbCBA==",
      "dependencies": {
        "@pixi/core": "5.3.7",
        "@pixi/math": "5.3.7",
        "@pixi/settings": "5.3.7",
        "@pixi/sprite": "5.3.7",
        "@pixi/utils": "5.3.7"
      }
    },
    "node_modules/@pixi/text-bitmap": {
      "version": "5.3.7",
      "resolved": "https://registry.npmjs.org/@pixi/text-bitmap/-/text-bitmap-5.3.7.tgz",
      "integrity": "sha512-LWXgxyMgBAldHA6Swx0irAISCMEyDEcZV7YxBoBpSDnV8ybtZP4fSgtj6vlpnrttKcnXFEcGokOuC3vSdEs39g==",
      "dependencies": {
        "@pixi/core": "5.3.7",
        "@pixi/display": "5.3.7",
        "@pixi/loaders": "5.3.7",
        "@pixi/math": "5.3.7",
        "@pixi/mesh": "5.3.7",
        "@pixi/settings": "5.3.7",
        "@pixi/text": "5.3.7",
        "@pixi/utils": "5.3.7"
      }
    },
    "node_modules/@pixi/ticker": {
      "version": "5.3.7",
      "resolved": "https://registry.npmjs.org/@pixi/ticker/-/ticker-5.3.7.tgz",
      "integrity": "sha512-ZEXiJwPtuPeWa0QmRODF5qK0+ugZu/xeq7QxCvFOCc3NFVBeGms4g92HPucOju9R7jcODIoJxtICALsuwLAr9w==",
      "dependencies": {
        "@pixi/settings": "5.3.7"
      }
    },
    "node_modules/@pixi/utils": {
      "version": "5.3.7",
      "resolved": "https://registry.npmjs.org/@pixi/utils/-/utils-5.3.7.tgz",
      "integrity": "sha512-f8zAeHHURxfwBr8MZiXEIwY2h9wbS6vN0ypvapGvKFOexZ1EInTs35FhEiRWzLEPLHyn1RgCdKzR2zl++E4tIw==",
      "dependencies": {
        "@pixi/constants": "5.3.7",
        "@pixi/settings": "5.3.7",
        "earcut": "^2.1.5",
        "eventemitter3": "^3.1.0",
        "url": "^0.11.0"
      }
    },
    "node_modules/bootstrap": {
      "version": "3.4.1",
      "resolved": "https://registry.npmjs.org/bootstrap/-/bootstrap-3.4.1.tgz",
      "integrity": "sha512-yN5oZVmRCwe5aKwzRj6736nSmKDX7pLYwsXiCj/EYmo16hODaBiT4En5btW/jhBF/seV+XMx3aYwukYC3A49DA==",
      "engines": {
        "node": ">=6"
      }
    },
    "node_modules/codemirror": {
      "version": "5.59.1",
      "resolved": "https://registry.npmjs.org/codemirror/-/codemirror-5.59.1.tgz",
      "integrity": "sha512-d0SSW/PCCD4LoSCBPdnP0BzmZB1v3emomCUtVlIWgZHJ06yVeBOvBtOH7vYz707pfAvEeWbO9aP6akh8vl1V3w=="
    },
    "node_modules/earcut": {
      "version": "2.2.2",
      "resolved": "https://registry.npmjs.org/earcut/-/earcut-2.2.2.tgz",
      "integrity": "sha512-eZoZPPJcUHnfRZ0PjLvx2qBordSiO8ofC3vt+qACLM95u+4DovnbYNpQtJh0DNsWj8RnxrQytD4WA8gj5cRIaQ=="
    },
    "node_modules/es6-promise-polyfill": {
      "version": "1.2.0",
      "resolved": "https://registry.npmjs.org/es6-promise-polyfill/-/es6-promise-polyfill-1.2.0.tgz",
      "integrity": "sha1-84kl8jyz4+jObNqP93T867sJDN4="
    },
    "node_modules/eventemitter3": {
      "version": "3.1.2",
      "resolved": "https://registry.npmjs.org/eventemitter3/-/eventemitter3-3.1.2.tgz",
      "integrity": "sha512-tvtQIeLVHjDkJYnzf2dgVMxfuSGJeM/7UCG17TT4EumTfNtF+0nebF/4zWOIkCreAbtNqhGEboB6BWrwqNaw4Q=="
    },
    "node_modules/ismobilejs": {
      "version": "1.1.1",
      "resolved": "https://registry.npmjs.org/ismobilejs/-/ismobilejs-1.1.1.tgz",
      "integrity": "sha512-VaFW53yt8QO61k2WJui0dHf4SlL8lxBofUuUmwBo0ljPk0Drz2TiuDW4jo3wDcv41qy/SxrJ+VAzJ/qYqsmzRw=="
    },
    "node_modules/lix": {
      "version": "15.12.0",
      "resolved": "https://registry.npmjs.org/lix/-/lix-15.12.0.tgz",
      "integrity": "sha512-FA36oCl+M+3Of8L4eErXw7tAHGOjqEC4IgEvH6oPDsiYd4yN6XpzZGcbLuIyu4PiztjOrr1TKJnpwi32qb2ddw==",
      "dev": true,
      "hasInstallScript": true,
      "bin": {
        "haxe": "bin/haxeshim.js",
        "haxelib": "bin/haxelibshim.js",
        "lix": "bin/lix.js",
        "neko": "bin/nekoshim.js"
      }
    },
    "node_modules/mini-signals": {
      "version": "1.2.0",
      "resolved": "https://registry.npmjs.org/mini-signals/-/mini-signals-1.2.0.tgz",
      "integrity": "sha1-RbCAE8X65RokqhqTXNMXye1yHXQ="
    },
    "node_modules/object-assign": {
      "version": "4.1.1",
      "resolved": "https://registry.npmjs.org/object-assign/-/object-assign-4.1.1.tgz",
      "integrity": "sha1-IQmtx5ZYh8/AXLvUQsrIv7s2CGM=",
      "engines": {
        "node": ">=0.10.0"
      }
    },
    "node_modules/parse-uri": {
      "version": "1.0.3",
      "resolved": "https://registry.npmjs.org/parse-uri/-/parse-uri-1.0.3.tgz",
      "integrity": "sha512-upMnGxNcm+45So85HoguwZTVZI9u11i36DdxJfGF2HYWS2eh3TIx7+/tTi7qrEq15qzGkVhsKjesau+kCk48pA==",
      "engines": {
        "node": ">= 0.10"
      }
    },
    "node_modules/pixi.js": {
      "version": "5.3.7",
      "resolved": "https://registry.npmjs.org/pixi.js/-/pixi.js-5.3.7.tgz",
      "integrity": "sha512-DyFTn6sHB6njtBd879OCx7UZpt8dpVtOSNuLAdVaWZ2GhAFsTY59n07Ol0f+zx07QtpCmSt1P3pXGHjt9sPzbw==",
      "dependencies": {
        "@pixi/accessibility": "5.3.7",
        "@pixi/app": "5.3.7",
        "@pixi/constants": "5.3.7",
        "@pixi/core": "5.3.7",
        "@pixi/display": "5.3.7",
        "@pixi/extract": "5.3.7",
        "@pixi/filter-alpha": "5.3.7",
        "@pixi/filter-blur": "5.3.7",
        "@pixi/filter-color-matrix": "5.3.7",
        "@pixi/filter-displacement": "5.3.7",
        "@pixi/filter-fxaa": "5.3.7",
        "@pixi/filter-noise": "5.3.7",
        "@pixi/graphics": "5.3.7",
        "@pixi/interaction": "5.3.7",
        "@pixi/loaders": "5.3.7",
        "@pixi/math": "5.3.7",
        "@pixi/mesh": "5.3.7",
        "@pixi/mesh-extras": "5.3.7",
        "@pixi/mixin-cache-as-bitmap": "5.3.7",
        "@pixi/mixin-get-child-by-name": "5.3.7",
        "@pixi/mixin-get-global-position": "5.3.7",
        "@pixi/particles": "5.3.7",
        "@pixi/polyfill": "5.3.7",
        "@pixi/prepare": "5.3.7",
        "@pixi/runner": "5.3.7",
        "@pixi/settings": "5.3.7",
        "@pixi/sprite": "5.3.7",
        "@pixi/sprite-animated": "5.3.7",
        "@pixi/sprite-tiling": "5.3.7",
        "@pixi/spritesheet": "5.3.7",
        "@pixi/text": "5.3.7",
        "@pixi/text-bitmap": "5.3.7",
        "@pixi/ticker": "5.3.7",
        "@pixi/utils": "5.3.7"
      },
      "funding": {
        "type": "opencollective",
        "url": "https://opencollective.com/pixijs"
      }
    },
    "node_modules/punycode": {
      "version": "1.3.2",
      "resolved": "https://registry.npmjs.org/punycode/-/punycode-1.3.2.tgz",
      "integrity": "sha1-llOgNvt8HuQjQvIyXM7v6jkmxI0="
    },
    "node_modules/querystring": {
      "version": "0.2.0",
      "resolved": "https://registry.npmjs.org/querystring/-/querystring-0.2.0.tgz",
      "integrity": "sha1-sgmEkgO7Jd+CDadW50cAWHhSFiA=",
      "deprecated": "The querystring API is considered Legacy. new code should use the URLSearchParams API instead.",
      "engines": {
        "node": ">=0.4.x"
      }
    },
    "node_modules/resource-loader": {
      "version": "3.0.1",
      "resolved": "https://registry.npmjs.org/resource-loader/-/resource-loader-3.0.1.tgz",
      "integrity": "sha512-fBuCRbEHdLCI1eglzQhUv9Rrdcmqkydr1r6uHE2cYHvRBrcLXeSmbE/qI/urFt8rPr/IGxir3BUwM5kUK8XoyA==",
      "dependencies": {
        "mini-signals": "^1.2.0",
        "parse-uri": "^1.0.0"
      }
    },
    "node_modules/stats.js": {
      "version": "0.17.0",
      "resolved": "https://registry.npmjs.org/stats.js/-/stats.js-0.17.0.tgz",
      "integrity": "sha1-scPcRtlEmLV4t/05hbgaznExzH0="
    },
    "node_modules/three": {
      "version": "0.125.0",
      "resolved": "https://registry.npmjs.org/three/-/three-0.125.0.tgz",
      "integrity": "sha512-qL36qUGsPQ/Ofo/RZdXwHwM7A8wzUSAIyawtjIebJSPvounUQeneSqxI0aBY2iwKpseGy+RUtj3C5f/z4poyXw=="
    },
    "node_modules/url": {
      "version": "0.11.0",
      "resolved": "https://registry.npmjs.org/url/-/url-0.11.0.tgz",
      "integrity": "sha1-ODjpfPxgUh63PFJajlW/3Z4uKPE=",
      "dependencies": {
        "punycode": "1.3.2",
        "querystring": "0.2.0"
      }
    }
  },
  "dependencies": {
    "@pixi/accessibility": {
      "version": "5.3.7",
      "resolved": "https://registry.npmjs.org/@pixi/accessibility/-/accessibility-5.3.7.tgz",
      "integrity": "sha512-104qzGZWnA/cQUH48jTiCXKGqOCfOqZAHmVg1z0p5l5tnzVX5zUQDBJxt4AAIPguZZe1YkniealwO1WGz0yBgA==",
      "requires": {
        "@pixi/core": "5.3.7",
        "@pixi/display": "5.3.7",
        "@pixi/utils": "5.3.7"
      }
    },
    "@pixi/app": {
      "version": "5.3.7",
      "resolved": "https://registry.npmjs.org/@pixi/app/-/app-5.3.7.tgz",
      "integrity": "sha512-xlXxMGiGGmOA154SyltOQ2ZfPEtErzXl8GOxXJJJBxmIfvCQa+Y6iO5jf4q7yNbpSbrfaeIrYUnNbJAViiACzg==",
      "requires": {
        "@pixi/core": "5.3.7",
        "@pixi/display": "5.3.7"
      }
    },
    "@pixi/constants": {
      "version": "5.3.7",
      "resolved": "https://registry.npmjs.org/@pixi/constants/-/constants-5.3.7.tgz",
      "integrity": "sha512-MBcgIM/mSqonFezkCI9080IqNlc0wb8S9QJ5otBdseOWUQa/ua2jF7Jd1sCBGmi0IzS9/NOHFXzZVTdS7AC7Ow=="
    },
    "@pixi/core": {
      "version": "5.3.7",
      "resolved": "https://registry.npmjs.org/@pixi/core/-/core-5.3.7.tgz",
      "integrity": "sha512-WBhU2f5aJSVVaFP55FFBFKjKlRf5fYGxgA/U3kD4yD4Y3d3d6V3MIZv+o0VX+kBs1Eq7ePZqEv2smDrlzzMEjQ==",
      "requires": {
        "@pixi/constants": "5.3.7",
        "@pixi/math": "5.3.7",
        "@pixi/runner": "5.3.7",
        "@pixi/settings": "5.3.7",
        "@pixi/ticker": "5.3.7",
        "@pixi/utils": "5.3.7"
      }
    },
    "@pixi/display": {
      "version": "5.3.7",
      "resolved": "https://registry.npmjs.org/@pixi/display/-/display-5.3.7.tgz",
      "integrity": "sha512-ma1JyLe5vaEgmaOR+anvj5YOKqT9OEWnboIe7NVmwGF1CZ7JFnB12rsRulHUsSaFG9bP5xjvroAZjFg/WvyGLw==",
      "requires": {
        "@pixi/math": "5.3.7",
        "@pixi/settings": "5.3.7",
        "@pixi/utils": "5.3.7"
      }
    },
    "@pixi/extract": {
      "version": "5.3.7",
      "resolved": "https://registry.npmjs.org/@pixi/extract/-/extract-5.3.7.tgz",
      "integrity": "sha512-xQ5hYFIdxQTjNWwtwsjIK0DjbGLlUl92rIj5yvNJFiJvRjZ8IfvtIaM5uwjhiY2U9q3fDLFgb8EiNfmdDc78xQ==",
      "requires": {
        "@pixi/core": "5.3.7",
        "@pixi/math": "5.3.7",
        "@pixi/utils": "5.3.7"
      }
    },
    "@pixi/filter-alpha": {
      "version": "5.3.7",
      "resolved": "https://registry.npmjs.org/@pixi/filter-alpha/-/filter-alpha-5.3.7.tgz",
      "integrity": "sha512-jkvbzmSCIPjCJMFNUocAxsZ7Cq3ssFwXnmXNYKYhJy01LxiyO/JbVDAxAD7Chyn5jbKsI21OV3UQaIJhFpXw7Q==",
      "requires": {
        "@pixi/core": "5.3.7"
      }
    },
    "@pixi/filter-blur": {
      "version": "5.3.7",
      "resolved": "https://registry.npmjs.org/@pixi/filter-blur/-/filter-blur-5.3.7.tgz",
      "integrity": "sha512-xM+Zz2i2UCmY7oHBPlGaN2ImhCY4l/V8NFc8FNSUIHm8NXHJ4/VCQpXp9BFTjY1+GZExFLkqB8kIYEddGVFiLA==",
      "requires": {
        "@pixi/core": "5.3.7",
        "@pixi/settings": "5.3.7"
      }
    },
    "@pixi/filter-color-matrix": {
      "version": "5.3.7",
      "resolved": "https://registry.npmjs.org/@pixi/filter-color-matrix/-/filter-color-matrix-5.3.7.tgz",
      "integrity": "sha512-Z12cxoHx9uMh3CZ0PLVRzsaFHHF/CfU3J83KI9k+Bg/DFOh/J/5EToCd44jYJbMKp3nvXcO1EJyZ3wwC/IsyfQ==",
      "requires": {
        "@pixi/core": "5.3.7"
      }
    },
    "@pixi/filter-displacement": {
      "version": "5.3.7",
      "resolved": "https://registry.npmjs.org/@pixi/filter-displacement/-/filter-displacement-5.3.7.tgz",
      "integrity": "sha512-akMVkAHqliQujveiJ5KBMuwh/JVGN37NQsD8n1XbDDSe6SKjpX0kaq2Bh2Xu9pPj3+Jhofy0sI65q2M8qs2Uog==",
      "requires": {
        "@pixi/core": "5.3.7",
        "@pixi/math": "5.3.7"
      }
    },
    "@pixi/filter-fxaa": {
      "version": "5.3.7",
      "resolved": "https://registry.npmjs.org/@pixi/filter-fxaa/-/filter-fxaa-5.3.7.tgz",
      "integrity": "sha512-NJpVcbOCUVYUDGqxvh7Jp/+arWEnLKgI/7Qf8VEYv0aQslqE8ZtFSAX7JfP+iGfFWXlkMe6AKspesYhUrIpRKg==",
      "requires": {
        "@pixi/core": "5.3.7"
      }
    },
    "@pixi/filter-noise": {
      "version": "5.3.7",
      "resolved": "https://registry.npmjs.org/@pixi/filter-noise/-/filter-noise-5.3.7.tgz",
      "integrity": "sha512-P0mVQR2J7GHujVcq0iiuD2/1yvmue7orpppa5iuNHoOMT+vZpO0hdCKTg5vm5ZcWnHrOwtvv8zYngnT9rLdCtw==",
      "requires": {
        "@pixi/core": "5.3.7"
      }
    },
    "@pixi/graphics": {
      "version": "5.3.7",
      "resolved": "https://registry.npmjs.org/@pixi/graphics/-/graphics-5.3.7.tgz",
      "integrity": "sha512-+6+bT/AC29a1Hw5XDxsH1UqBsXSqcna7wNTTrBQ02owotIJtyRc6w48f5qxzhxycumyVCR87IV5tAtdwX3xhag==",
      "requires": {
        "@pixi/constants": "5.3.7",
        "@pixi/core": "5.3.7",
        "@pixi/display": "5.3.7",
        "@pixi/math": "5.3.7",
        "@pixi/sprite": "5.3.7",
        "@pixi/utils": "5.3.7"
      }
    },
    "@pixi/interaction": {
      "version": "5.3.7",
      "resolved": "https://registry.npmjs.org/@pixi/interaction/-/interaction-5.3.7.tgz",
      "integrity": "sha512-B+5suog6fo8tJclTIO1Nn0HikyXQ9OWQGmTiYUnDVDriX5dGujh79RpcL51HFQ/2Gs2Gt0rl3AfP9OsCLe7VPA==",
      "requires": {
        "@pixi/core": "5.3.7",
        "@pixi/display": "5.3.7",
        "@pixi/math": "5.3.7",
        "@pixi/ticker": "5.3.7",
        "@pixi/utils": "5.3.7"
      }
    },
    "@pixi/loaders": {
      "version": "5.3.7",
      "resolved": "https://registry.npmjs.org/@pixi/loaders/-/loaders-5.3.7.tgz",
      "integrity": "sha512-zwWgvhUz7l5Z3me5gT1XbJzmj4bnz176PnawoUdlRxNARnMW3Rsk7Egzu8atWhJUL+MWEv+t8KkyHRXG39q5FA==",
      "requires": {
        "@pixi/core": "5.3.7",
        "@pixi/utils": "5.3.7",
        "resource-loader": "^3.0.1"
      }
    },
    "@pixi/math": {
      "version": "5.3.7",
      "resolved": "https://registry.npmjs.org/@pixi/math/-/math-5.3.7.tgz",
      "integrity": "sha512-WnjUwX7rkxR36F0xknpsNd9BsfQosV0BbyFE0Il88IURBM3Tu9X4tC7RGJDgWU+aXw23HgHu0j+MWJrCVCM2fA=="
    },
    "@pixi/mesh": {
      "version": "5.3.7",
      "resolved": "https://registry.npmjs.org/@pixi/mesh/-/mesh-5.3.7.tgz",
      "integrity": "sha512-7K5Ba3+t0rBAfZeuQi7nem0DgVH9GNhRvZ8HYbhPs5XVI7yZZhUN4HpUMy7gYEnz8EbXqwUz20X4ham/0O9WsQ==",
      "requires": {
        "@pixi/constants": "5.3.7",
        "@pixi/core": "5.3.7",
        "@pixi/display": "5.3.7",
        "@pixi/math": "5.3.7",
        "@pixi/settings": "5.3.7",
        "@pixi/utils": "5.3.7"
      }
    },
    "@pixi/mesh-extras": {
      "version": "5.3.7",
      "resolved": "https://registry.npmjs.org/@pixi/mesh-extras/-/mesh-extras-5.3.7.tgz",
      "integrity": "sha512-txVo2yk935gLgvlwO/ODUuz0wHUZtc9AK0sOQbbD9rh1TUdZ9OYrRvqshItLC34EimmAfgOsyzT78zeUTaP1OA==",
      "requires": {
        "@pixi/constants": "5.3.7",
        "@pixi/core": "5.3.7",
        "@pixi/math": "5.3.7",
        "@pixi/mesh": "5.3.7",
        "@pixi/utils": "5.3.7"
      }
    },
    "@pixi/mixin-cache-as-bitmap": {
      "version": "5.3.7",
      "resolved": "https://registry.npmjs.org/@pixi/mixin-cache-as-bitmap/-/mixin-cache-as-bitmap-5.3.7.tgz",
      "integrity": "sha512-UEP1PVEEqgWs8vUx/GvOiQ4r130NDLQoD9i5YA1i5BGml2UmNyrFlIh8N9hVAPiIpTIpECkU6nLakP7t6fm9zA==",
      "requires": {
        "@pixi/core": "5.3.7",
        "@pixi/display": "5.3.7",
        "@pixi/math": "5.3.7",
        "@pixi/settings": "5.3.7",
        "@pixi/sprite": "5.3.7",
        "@pixi/utils": "5.3.7"
      }
    },
    "@pixi/mixin-get-child-by-name": {
      "version": "5.3.7",
      "resolved": "https://registry.npmjs.org/@pixi/mixin-get-child-by-name/-/mixin-get-child-by-name-5.3.7.tgz",
      "integrity": "sha512-KiWirq5HpLKrAsShdZx0+RwNwY6nO5cM+Wqq59n11xTgvUoNULiptZRePQR5rOIsLIcwNtro/2LWPj1UzbJHbg==",
      "requires": {
        "@pixi/display": "5.3.7"
      }
    },
    "@pixi/mixin-get-global-position": {
      "version": "5.3.7",
      "resolved": "https://registry.npmjs.org/@pixi/mixin-get-global-position/-/mixin-get-global-position-5.3.7.tgz",
      "integrity": "sha512-OIXi+m611GVH1dVAc5YdiMC55Bbjf0JmesiB+6/gMzrjKxW/YDAA5ZRVri75hmRedHA8LPflf+i0pO10mrGP8g==",
      "requires": {
        "@pixi/display": "5.3.7",
        "@pixi/math": "5.3.7"
      }
    },
    "@pixi/particles": {
      "version": "5.3.7",
      "resolved": "https://registry.npmjs.org/@pixi/particles/-/particles-5.3.7.tgz",
      "integrity": "sha512-mEnBljvBVbKuUJVZ0oH9dP/k7qsHEHUlvfBQgLOSkd6viHlx3PoSPKOYm35+I6fAylkV0Xm9+j5v/IESuip2RQ==",
      "requires": {
        "@pixi/constants": "5.3.7",
        "@pixi/core": "5.3.7",
        "@pixi/display": "5.3.7",
        "@pixi/math": "5.3.7",
        "@pixi/utils": "5.3.7"
      }
    },
    "@pixi/polyfill": {
      "version": "5.3.7",
      "resolved": "https://registry.npmjs.org/@pixi/polyfill/-/polyfill-5.3.7.tgz",
      "integrity": "sha512-qU23xdb/e4Qvze0TWVy4fNZ0nlABIEZmuLu5nI9SpgfIYtjd2tZo7ngCXU5mZHxW1/xvkAMJEHCsSszotzF9xQ==",
      "requires": {
        "es6-promise-polyfill": "^1.2.0",
        "object-assign": "^4.1.1"
      }
    },
    "@pixi/prepare": {
      "version": "5.3.7",
      "resolved": "https://registry.npmjs.org/@pixi/prepare/-/prepare-5.3.7.tgz",
      "integrity": "sha512-saU+o202vA3U2HVMYvh5aB2RJmP4hR//J22QuRfGen/ukM5mApOroJ445Id2+kSvis0M+UeFUKfBGWDzitr19Q==",
      "requires": {
        "@pixi/core": "5.3.7",
        "@pixi/display": "5.3.7",
        "@pixi/graphics": "5.3.7",
        "@pixi/settings": "5.3.7",
        "@pixi/text": "5.3.7",
        "@pixi/ticker": "5.3.7"
      }
    },
    "@pixi/runner": {
      "version": "5.3.7",
      "resolved": "https://registry.npmjs.org/@pixi/runner/-/runner-5.3.7.tgz",
      "integrity": "sha512-kt5apNb21HAvpBaDaPRs33k2O0VzrKe13w4we8iftCpXX8w68ErAY1lH68vmtDNrxnlHg4M9nRgEoMeiHlo2RA=="
    },
    "@pixi/settings": {
      "version": "5.3.7",
      "resolved": "https://registry.npmjs.org/@pixi/settings/-/settings-5.3.7.tgz",
      "integrity": "sha512-g6AoRSGWxU34gtKSQwX2AMQoLUv86L/5iIXRsqo+X4bfUSCenTci1X7ueVrSIbo39dxh6IOpriZF2Yk3TeHG5w==",
      "requires": {
        "ismobilejs": "^1.1.0"
      }
    },
    "@pixi/sprite": {
      "version": "5.3.7",
      "resolved": "https://registry.npmjs.org/@pixi/sprite/-/sprite-5.3.7.tgz",
      "integrity": "sha512-Bjl+NOOvigEzUsm1cDr1KmBUpPSWO8pDXpUPTi+v2N75gwRfTycmj5f2TU0QmMW3Gc6sv0CB0AkL7dkMPwPb8g==",
      "requires": {
        "@pixi/constants": "5.3.7",
        "@pixi/core": "5.3.7",
        "@pixi/display": "5.3.7",
        "@pixi/math": "5.3.7",
        "@pixi/settings": "5.3.7",
        "@pixi/utils": "5.3.7"
      }
    },
    "@pixi/sprite-animated": {
      "version": "5.3.7",
      "resolved": "https://registry.npmjs.org/@pixi/sprite-animated/-/sprite-animated-5.3.7.tgz",
      "integrity": "sha512-CSXTSwH/UUcTe5637AD35OCETQO+tDkmlr6e1/eIyUlgOsPkbjo+l134feLZtZudiPHTPyb/YAYIlgPfVr7MGw==",
      "requires": {
        "@pixi/core": "5.3.7",
        "@pixi/sprite": "5.3.7",
        "@pixi/ticker": "5.3.7"
      }
    },
    "@pixi/sprite-tiling": {
      "version": "5.3.7",
      "resolved": "https://registry.npmjs.org/@pixi/sprite-tiling/-/sprite-tiling-5.3.7.tgz",
      "integrity": "sha512-0BMLQGniJF1HvfyrJVe5jC8ayBpTh19dAHJIQWGp8zxxFh/WHjR1b32BN74rDjxQQSjZjV8vBNio8J3W+yDttw==",
      "requires": {
        "@pixi/constants": "5.3.7",
        "@pixi/core": "5.3.7",
        "@pixi/display": "5.3.7",
        "@pixi/math": "5.3.7",
        "@pixi/sprite": "5.3.7",
        "@pixi/utils": "5.3.7"
      }
    },
    "@pixi/spritesheet": {
      "version": "5.3.7",
      "resolved": "https://registry.npmjs.org/@pixi/spritesheet/-/spritesheet-5.3.7.tgz",
      "integrity": "sha512-K1Befbrq3LDbFtnLmbk54QQ/YRk2Mgd+2iOkZx5KsS2pTh1va/GM9FbpO9aZgsEu8Eq76QPxyR8nRqygyMRSuQ==",
      "requires": {
        "@pixi/core": "5.3.7",
        "@pixi/loaders": "5.3.7",
        "@pixi/math": "5.3.7",
        "@pixi/utils": "5.3.7"
      }
    },
    "@pixi/text": {
      "version": "5.3.7",
      "resolved": "https://registry.npmjs.org/@pixi/text/-/text-5.3.7.tgz",
      "integrity": "sha512-WVAc31MDgHTvP0dJNWsvLVJhjeVGZ3NrLpHcH9iIAd6HVO5Z+i+fk4zvodD+Y7jWU0psx8ZD8xe1wy8ECfbCBA==",
      "requires": {
        "@pixi/core": "5.3.7",
        "@pixi/math": "5.3.7",
        "@pixi/settings": "5.3.7",
        "@pixi/sprite": "5.3.7",
        "@pixi/utils": "5.3.7"
      }
    },
    "@pixi/text-bitmap": {
      "version": "5.3.7",
      "resolved": "https://registry.npmjs.org/@pixi/text-bitmap/-/text-bitmap-5.3.7.tgz",
      "integrity": "sha512-LWXgxyMgBAldHA6Swx0irAISCMEyDEcZV7YxBoBpSDnV8ybtZP4fSgtj6vlpnrttKcnXFEcGokOuC3vSdEs39g==",
      "requires": {
        "@pixi/core": "5.3.7",
        "@pixi/display": "5.3.7",
        "@pixi/loaders": "5.3.7",
        "@pixi/math": "5.3.7",
        "@pixi/mesh": "5.3.7",
        "@pixi/settings": "5.3.7",
        "@pixi/text": "5.3.7",
        "@pixi/utils": "5.3.7"
      }
    },
    "@pixi/ticker": {
      "version": "5.3.7",
      "resolved": "https://registry.npmjs.org/@pixi/ticker/-/ticker-5.3.7.tgz",
      "integrity": "sha512-ZEXiJwPtuPeWa0QmRODF5qK0+ugZu/xeq7QxCvFOCc3NFVBeGms4g92HPucOju9R7jcODIoJxtICALsuwLAr9w==",
      "requires": {
        "@pixi/settings": "5.3.7"
      }
    },
    "@pixi/utils": {
      "version": "5.3.7",
      "resolved": "https://registry.npmjs.org/@pixi/utils/-/utils-5.3.7.tgz",
      "integrity": "sha512-f8zAeHHURxfwBr8MZiXEIwY2h9wbS6vN0ypvapGvKFOexZ1EInTs35FhEiRWzLEPLHyn1RgCdKzR2zl++E4tIw==",
      "requires": {
        "@pixi/constants": "5.3.7",
        "@pixi/settings": "5.3.7",
        "earcut": "^2.1.5",
        "eventemitter3": "^3.1.0",
        "url": "^0.11.0"
      }
    },
    "bootstrap": {
      "version": "3.4.1",
      "resolved": "https://registry.npmjs.org/bootstrap/-/bootstrap-3.4.1.tgz",
      "integrity": "sha512-yN5oZVmRCwe5aKwzRj6736nSmKDX7pLYwsXiCj/EYmo16hODaBiT4En5btW/jhBF/seV+XMx3aYwukYC3A49DA=="
    },
    "codemirror": {
      "version": "5.59.1",
      "resolved": "https://registry.npmjs.org/codemirror/-/codemirror-5.59.1.tgz",
      "integrity": "sha512-d0SSW/PCCD4LoSCBPdnP0BzmZB1v3emomCUtVlIWgZHJ06yVeBOvBtOH7vYz707pfAvEeWbO9aP6akh8vl1V3w=="
    },
    "earcut": {
      "version": "2.2.2",
      "resolved": "https://registry.npmjs.org/earcut/-/earcut-2.2.2.tgz",
      "integrity": "sha512-eZoZPPJcUHnfRZ0PjLvx2qBordSiO8ofC3vt+qACLM95u+4DovnbYNpQtJh0DNsWj8RnxrQytD4WA8gj5cRIaQ=="
    },
    "es6-promise-polyfill": {
      "version": "1.2.0",
      "resolved": "https://registry.npmjs.org/es6-promise-polyfill/-/es6-promise-polyfill-1.2.0.tgz",
      "integrity": "sha1-84kl8jyz4+jObNqP93T867sJDN4="
    },
    "eventemitter3": {
      "version": "3.1.2",
      "resolved": "https://registry.npmjs.org/eventemitter3/-/eventemitter3-3.1.2.tgz",
      "integrity": "sha512-tvtQIeLVHjDkJYnzf2dgVMxfuSGJeM/7UCG17TT4EumTfNtF+0nebF/4zWOIkCreAbtNqhGEboB6BWrwqNaw4Q=="
    },
    "ismobilejs": {
      "version": "1.1.1",
      "resolved": "https://registry.npmjs.org/ismobilejs/-/ismobilejs-1.1.1.tgz",
      "integrity": "sha512-VaFW53yt8QO61k2WJui0dHf4SlL8lxBofUuUmwBo0ljPk0Drz2TiuDW4jo3wDcv41qy/SxrJ+VAzJ/qYqsmzRw=="
    },
    "lix": {
      "version": "15.12.0",
      "resolved": "https://registry.npmjs.org/lix/-/lix-15.12.0.tgz",
      "integrity": "sha512-FA36oCl+M+3Of8L4eErXw7tAHGOjqEC4IgEvH6oPDsiYd4yN6XpzZGcbLuIyu4PiztjOrr1TKJnpwi32qb2ddw==",
      "dev": true
    },
    "mini-signals": {
      "version": "1.2.0",
      "resolved": "https://registry.npmjs.org/mini-signals/-/mini-signals-1.2.0.tgz",
      "integrity": "sha1-RbCAE8X65RokqhqTXNMXye1yHXQ="
    },
    "object-assign": {
      "version": "4.1.1",
      "resolved": "https://registry.npmjs.org/object-assign/-/object-assign-4.1.1.tgz",
      "integrity": "sha1-IQmtx5ZYh8/AXLvUQsrIv7s2CGM="
    },
    "parse-uri": {
      "version": "1.0.3",
      "resolved": "https://registry.npmjs.org/parse-uri/-/parse-uri-1.0.3.tgz",
      "integrity": "sha512-upMnGxNcm+45So85HoguwZTVZI9u11i36DdxJfGF2HYWS2eh3TIx7+/tTi7qrEq15qzGkVhsKjesau+kCk48pA=="
    },
    "pixi.js": {
      "version": "5.3.7",
      "resolved": "https://registry.npmjs.org/pixi.js/-/pixi.js-5.3.7.tgz",
      "integrity": "sha512-DyFTn6sHB6njtBd879OCx7UZpt8dpVtOSNuLAdVaWZ2GhAFsTY59n07Ol0f+zx07QtpCmSt1P3pXGHjt9sPzbw==",
      "requires": {
        "@pixi/accessibility": "5.3.7",
        "@pixi/app": "5.3.7",
        "@pixi/constants": "5.3.7",
        "@pixi/core": "5.3.7",
        "@pixi/display": "5.3.7",
        "@pixi/extract": "5.3.7",
        "@pixi/filter-alpha": "5.3.7",
        "@pixi/filter-blur": "5.3.7",
        "@pixi/filter-color-matrix": "5.3.7",
        "@pixi/filter-displacement": "5.3.7",
        "@pixi/filter-fxaa": "5.3.7",
        "@pixi/filter-noise": "5.3.7",
        "@pixi/graphics": "5.3.7",
        "@pixi/interaction": "5.3.7",
        "@pixi/loaders": "5.3.7",
        "@pixi/math": "5.3.7",
        "@pixi/mesh": "5.3.7",
        "@pixi/mesh-extras": "5.3.7",
        "@pixi/mixin-cache-as-bitmap": "5.3.7",
        "@pixi/mixin-get-child-by-name": "5.3.7",
        "@pixi/mixin-get-global-position": "5.3.7",
        "@pixi/particles": "5.3.7",
        "@pixi/polyfill": "5.3.7",
        "@pixi/prepare": "5.3.7",
        "@pixi/runner": "5.3.7",
        "@pixi/settings": "5.3.7",
        "@pixi/sprite": "5.3.7",
        "@pixi/sprite-animated": "5.3.7",
        "@pixi/sprite-tiling": "5.3.7",
        "@pixi/spritesheet": "5.3.7",
        "@pixi/text": "5.3.7",
        "@pixi/text-bitmap": "5.3.7",
        "@pixi/ticker": "5.3.7",
        "@pixi/utils": "5.3.7"
      }
    },
    "punycode": {
      "version": "1.3.2",
      "resolved": "https://registry.npmjs.org/punycode/-/punycode-1.3.2.tgz",
      "integrity": "sha1-llOgNvt8HuQjQvIyXM7v6jkmxI0="
    },
    "querystring": {
      "version": "0.2.0",
      "resolved": "https://registry.npmjs.org/querystring/-/querystring-0.2.0.tgz",
      "integrity": "sha1-sgmEkgO7Jd+CDadW50cAWHhSFiA="
    },
    "resource-loader": {
      "version": "3.0.1",
      "resolved": "https://registry.npmjs.org/resource-loader/-/resource-loader-3.0.1.tgz",
      "integrity": "sha512-fBuCRbEHdLCI1eglzQhUv9Rrdcmqkydr1r6uHE2cYHvRBrcLXeSmbE/qI/urFt8rPr/IGxir3BUwM5kUK8XoyA==",
      "requires": {
        "mini-signals": "^1.2.0",
        "parse-uri": "^1.0.0"
      }
    },
    "stats.js": {
      "version": "0.17.0",
      "resolved": "https://registry.npmjs.org/stats.js/-/stats.js-0.17.0.tgz",
      "integrity": "sha1-scPcRtlEmLV4t/05hbgaznExzH0="
    },
    "three": {
      "version": "0.125.0",
      "resolved": "https://registry.npmjs.org/three/-/three-0.125.0.tgz",
      "integrity": "sha512-qL36qUGsPQ/Ofo/RZdXwHwM7A8wzUSAIyawtjIebJSPvounUQeneSqxI0aBY2iwKpseGy+RUtj3C5f/z4poyXw=="
    },
    "url": {
      "version": "0.11.0",
      "resolved": "https://registry.npmjs.org/url/-/url-0.11.0.tgz",
      "integrity": "sha1-ODjpfPxgUh63PFJajlW/3Z4uKPE=",
      "requires": {
        "punycode": "1.3.2",
        "querystring": "0.2.0"
      }
    }
  }
}
